// !$*UTF8*$!
{
	archiveVersion = 1;
	classes = {
	};
	objectVersion = 50;
	objects = {

/* Begin PBXBuildFile section */
		2B2E05892357174700221EF2 /* GBasePagerController.m in Sources */ = {isa = PBXBuildFile; fileRef = 2B2E05882357174700221EF2 /* GBasePagerController.m */; };
		2B2E058C23571A7B00221EF2 /* GPagerListController.m in Sources */ = {isa = PBXBuildFile; fileRef = 2B2E058B23571A7B00221EF2 /* GPagerListController.m */; };
		2BC0D2452350AEED006129CF /* AppDelegate.m in Sources */ = {isa = PBXBuildFile; fileRef = 2BC0D2442350AEED006129CF /* AppDelegate.m */; };
		2BC0D2482350AEED006129CF /* ViewController.m in Sources */ = {isa = PBXBuildFile; fileRef = 2BC0D2472350AEED006129CF /* ViewController.m */; };
		2BC0D24B2350AEED006129CF /* Main.storyboard in Resources */ = {isa = PBXBuildFile; fileRef = 2BC0D2492350AEED006129CF /* Main.storyboard */; };
		2BC0D24D2350AEEE006129CF /* Assets.xcassets in Resources */ = {isa = PBXBuildFile; fileRef = 2BC0D24C2350AEEE006129CF /* Assets.xcassets */; };
		2BC0D2502350AEEE006129CF /* LaunchScreen.storyboard in Resources */ = {isa = PBXBuildFile; fileRef = 2BC0D24E2350AEEE006129CF /* LaunchScreen.storyboard */; };
		2BC0D2532350AEEE006129CF /* main.m in Sources */ = {isa = PBXBuildFile; fileRef = 2BC0D2522350AEEE006129CF /* main.m */; };
		2BC0D2642350AF36006129CF /* GControllerScrollPager.m in Sources */ = {isa = PBXBuildFile; fileRef = 2BC0D2602350AF35006129CF /* GControllerScrollPager.m */; };
		2BC0D2652350AF36006129CF /* GBaseScrollPager.m in Sources */ = {isa = PBXBuildFile; fileRef = 2BC0D2612350AF36006129CF /* GBaseScrollPager.m */; };
		2BC0D2672350AF36006129CF /* GViewScrollPager.m in Sources */ = {isa = PBXBuildFile; fileRef = 2BC0D2632350AF36006129CF /* GViewScrollPager.m */; };
		2BC0D26A2350AF73006129CF /* GPagerVCTestViewController.m in Sources */ = {isa = PBXBuildFile; fileRef = 2BC0D2682350AF73006129CF /* GPagerVCTestViewController.m */; };
		2BC0D26D2350B0C3006129CF /* GPagerViewTestController.m in Sources */ = {isa = PBXBuildFile; fileRef = 2BC0D26C2350B0C3006129CF /* GPagerViewTestController.m */; };
		2BC0D2712350B6CE006129CF /* GBasePagerMenu.m in Sources */ = {isa = PBXBuildFile; fileRef = 2BC0D2702350B6CE006129CF /* GBasePagerMenu.m */; };
		2BC0D2742350B75A006129CF /* GStretchyHeaderView.m in Sources */ = {isa = PBXBuildFile; fileRef = 2BC0D2732350B75A006129CF /* GStretchyHeaderView.m */; };
		2BC0D2782350B914006129CF /* UIScrollView+GStretchy.m in Sources */ = {isa = PBXBuildFile; fileRef = 2BC0D2772350B914006129CF /* UIScrollView+GStretchy.m */; };
		2BC0D27B2350B922006129CF /* UIView+GStretchy.m in Sources */ = {isa = PBXBuildFile; fileRef = 2BC0D27A2350B922006129CF /* UIView+GStretchy.m */; };
		2BC0D27E23520EE7006129CF /* GPagerMenuViewController.m in Sources */ = {isa = PBXBuildFile; fileRef = 2BC0D27D23520EE7006129CF /* GPagerMenuViewController.m */; };
		2BDE30C823557B2600112C77 /* GPagerMenu.m in Sources */ = {isa = PBXBuildFile; fileRef = 2BDE30C723557B2600112C77 /* GPagerMenu.m */; };
		2BEBEAD5235F0AE2003E78AF /* GVerticalPagerController.m in Sources */ = {isa = PBXBuildFile; fileRef = 2BEBEAD4235F0AE2003E78AF /* GVerticalPagerController.m */; };
		2BEBEAD8235F35F1003E78AF /* GSimultaneouslyGestureProcessor.m in Sources */ = {isa = PBXBuildFile; fileRef = 2BEBEAD7235F35F1003E78AF /* GSimultaneouslyGestureProcessor.m */; };
		2BEBEADB23603B88003E78AF /* GMultiDelegate.m in Sources */ = {isa = PBXBuildFile; fileRef = 2BEBEADA23603B88003E78AF /* GMultiDelegate.m */; };
		E0153F92C6F49BC55C95CC35 /* libPods-GPagerKitExample.a in Frameworks */ = {isa = PBXBuildFile; fileRef = 4A483C032919F08B55544638 /* libPods-GPagerKitExample.a */; };
/* End PBXBuildFile section */

/* Begin PBXFileReference section */
		2B2E05872357174700221EF2 /* GBasePagerController.h */ = {isa = PBXFileReference; lastKnownFileType = sourcecode.c.h; path = GBasePagerController.h; sourceTree = "<group>"; };
		2B2E05882357174700221EF2 /* GBasePagerController.m */ = {isa = PBXFileReference; lastKnownFileType = sourcecode.c.objc; path = GBasePagerController.m; sourceTree = "<group>"; };
		2B2E058A23571A7B00221EF2 /* GPagerListController.h */ = {isa = PBXFileReference; lastKnownFileType = sourcecode.c.h; path = GPagerListController.h; sourceTree = "<group>"; };
		2B2E058B23571A7B00221EF2 /* GPagerListController.m */ = {isa = PBXFileReference; lastKnownFileType = sourcecode.c.objc; path = GPagerListController.m; sourceTree = "<group>"; };
		2BA624512355C313000CE215 /* GPagerMenuInternal.h */ = {isa = PBXFileReference; lastKnownFileType = sourcecode.c.h; path = GPagerMenuInternal.h; sourceTree = "<group>"; };
		2BC0D2402350AEED006129CF /* GPagerKitExample.app */ = {isa = PBXFileReference; explicitFileType = wrapper.application; includeInIndex = 0; path = GPagerKitExample.app; sourceTree = BUILT_PRODUCTS_DIR; };
		2BC0D2432350AEED006129CF /* AppDelegate.h */ = {isa = PBXFileReference; lastKnownFileType = sourcecode.c.h; path = AppDelegate.h; sourceTree = "<group>"; };
		2BC0D2442350AEED006129CF /* AppDelegate.m */ = {isa = PBXFileReference; lastKnownFileType = sourcecode.c.objc; path = AppDelegate.m; sourceTree = "<group>"; };
		2BC0D2462350AEED006129CF /* ViewController.h */ = {isa = PBXFileReference; lastKnownFileType = sourcecode.c.h; path = ViewController.h; sourceTree = "<group>"; };
		2BC0D2472350AEED006129CF /* ViewController.m */ = {isa = PBXFileReference; lastKnownFileType = sourcecode.c.objc; path = ViewController.m; sourceTree = "<group>"; };
		2BC0D24A2350AEED006129CF /* Base */ = {isa = PBXFileReference; lastKnownFileType = file.storyboard; name = Base; path = Base.lproj/Main.storyboard; sourceTree = "<group>"; };
		2BC0D24C2350AEEE006129CF /* Assets.xcassets */ = {isa = PBXFileReference; lastKnownFileType = folder.assetcatalog; path = Assets.xcassets; sourceTree = "<group>"; };
		2BC0D24F2350AEEE006129CF /* Base */ = {isa = PBXFileReference; lastKnownFileType = file.storyboard; name = Base; path = Base.lproj/LaunchScreen.storyboard; sourceTree = "<group>"; };
		2BC0D2512350AEEE006129CF /* Info.plist */ = {isa = PBXFileReference; lastKnownFileType = text.plist.xml; path = Info.plist; sourceTree = "<group>"; };
		2BC0D2522350AEEE006129CF /* main.m */ = {isa = PBXFileReference; lastKnownFileType = sourcecode.c.objc; path = main.m; sourceTree = "<group>"; };
		2BC0D25C2350AF35006129CF /* GControllerScrollPager.h */ = {isa = PBXFileReference; fileEncoding = 4; lastKnownFileType = sourcecode.c.h; path = GControllerScrollPager.h; sourceTree = "<group>"; };
		2BC0D25D2350AF35006129CF /* GBaseScrollPager.h */ = {isa = PBXFileReference; fileEncoding = 4; lastKnownFileType = sourcecode.c.h; path = GBaseScrollPager.h; sourceTree = "<group>"; };
		2BC0D25E2350AF35006129CF /* GViewScrollPager.h */ = {isa = PBXFileReference; fileEncoding = 4; lastKnownFileType = sourcecode.c.h; path = GViewScrollPager.h; sourceTree = "<group>"; };
		2BC0D2602350AF35006129CF /* GControllerScrollPager.m */ = {isa = PBXFileReference; fileEncoding = 4; lastKnownFileType = sourcecode.c.objc; path = GControllerScrollPager.m; sourceTree = "<group>"; };
		2BC0D2612350AF36006129CF /* GBaseScrollPager.m */ = {isa = PBXFileReference; fileEncoding = 4; lastKnownFileType = sourcecode.c.objc; path = GBaseScrollPager.m; sourceTree = "<group>"; };
		2BC0D2632350AF36006129CF /* GViewScrollPager.m */ = {isa = PBXFileReference; fileEncoding = 4; lastKnownFileType = sourcecode.c.objc; path = GViewScrollPager.m; sourceTree = "<group>"; };
		2BC0D2682350AF73006129CF /* GPagerVCTestViewController.m */ = {isa = PBXFileReference; fileEncoding = 4; lastKnownFileType = sourcecode.c.objc; path = GPagerVCTestViewController.m; sourceTree = "<group>"; };
		2BC0D2692350AF73006129CF /* GPagerVCTestViewController.h */ = {isa = PBXFileReference; fileEncoding = 4; lastKnownFileType = sourcecode.c.h; path = GPagerVCTestViewController.h; sourceTree = "<group>"; };
		2BC0D26B2350B0C3006129CF /* GPagerViewTestController.h */ = {isa = PBXFileReference; lastKnownFileType = sourcecode.c.h; path = GPagerViewTestController.h; sourceTree = "<group>"; };
		2BC0D26C2350B0C3006129CF /* GPagerViewTestController.m */ = {isa = PBXFileReference; lastKnownFileType = sourcecode.c.objc; path = GPagerViewTestController.m; sourceTree = "<group>"; };
		2BC0D26F2350B6CE006129CF /* GBasePagerMenu.h */ = {isa = PBXFileReference; lastKnownFileType = sourcecode.c.h; path = GBasePagerMenu.h; sourceTree = "<group>"; };
		2BC0D2702350B6CE006129CF /* GBasePagerMenu.m */ = {isa = PBXFileReference; lastKnownFileType = sourcecode.c.objc; path = GBasePagerMenu.m; sourceTree = "<group>"; };
		2BC0D2722350B75A006129CF /* GStretchyHeaderView.h */ = {isa = PBXFileReference; lastKnownFileType = sourcecode.c.h; path = GStretchyHeaderView.h; sourceTree = "<group>"; };
		2BC0D2732350B75A006129CF /* GStretchyHeaderView.m */ = {isa = PBXFileReference; lastKnownFileType = sourcecode.c.objc; path = GStretchyHeaderView.m; sourceTree = "<group>"; };
		2BC0D2752350B8D5006129CF /* GStretchHeaderViewInternal.h */ = {isa = PBXFileReference; lastKnownFileType = sourcecode.c.h; path = GStretchHeaderViewInternal.h; sourceTree = "<group>"; };
		2BC0D2762350B914006129CF /* UIScrollView+GStretchy.h */ = {isa = PBXFileReference; lastKnownFileType = sourcecode.c.h; path = "UIScrollView+GStretchy.h"; sourceTree = "<group>"; };
		2BC0D2772350B914006129CF /* UIScrollView+GStretchy.m */ = {isa = PBXFileReference; lastKnownFileType = sourcecode.c.objc; path = "UIScrollView+GStretchy.m"; sourceTree = "<group>"; };
		2BC0D2792350B922006129CF /* UIView+GStretchy.h */ = {isa = PBXFileReference; lastKnownFileType = sourcecode.c.h; path = "UIView+GStretchy.h"; sourceTree = "<group>"; };
		2BC0D27A2350B922006129CF /* UIView+GStretchy.m */ = {isa = PBXFileReference; lastKnownFileType = sourcecode.c.objc; path = "UIView+GStretchy.m"; sourceTree = "<group>"; };
		2BC0D27C23520EE7006129CF /* GPagerMenuViewController.h */ = {isa = PBXFileReference; lastKnownFileType = sourcecode.c.h; path = GPagerMenuViewController.h; sourceTree = "<group>"; };
		2BC0D27D23520EE7006129CF /* GPagerMenuViewController.m */ = {isa = PBXFileReference; lastKnownFileType = sourcecode.c.objc; path = GPagerMenuViewController.m; sourceTree = "<group>"; };
		2BDE30C623557B2600112C77 /* GPagerMenu.h */ = {isa = PBXFileReference; lastKnownFileType = sourcecode.c.h; path = GPagerMenu.h; sourceTree = "<group>"; };
		2BDE30C723557B2600112C77 /* GPagerMenu.m */ = {isa = PBXFileReference; lastKnownFileType = sourcecode.c.objc; path = GPagerMenu.m; sourceTree = "<group>"; };
		2BEBEAD3235F0AE2003E78AF /* GVerticalPagerController.h */ = {isa = PBXFileReference; lastKnownFileType = sourcecode.c.h; path = GVerticalPagerController.h; sourceTree = "<group>"; };
		2BEBEAD4235F0AE2003E78AF /* GVerticalPagerController.m */ = {isa = PBXFileReference; lastKnownFileType = sourcecode.c.objc; path = GVerticalPagerController.m; sourceTree = "<group>"; };
		2BEBEAD6235F35F1003E78AF /* GSimultaneouslyGestureProcessor.h */ = {isa = PBXFileReference; lastKnownFileType = sourcecode.c.h; path = GSimultaneouslyGestureProcessor.h; sourceTree = "<group>"; };
		2BEBEAD7235F35F1003E78AF /* GSimultaneouslyGestureProcessor.m */ = {isa = PBXFileReference; lastKnownFileType = sourcecode.c.objc; path = GSimultaneouslyGestureProcessor.m; sourceTree = "<group>"; };
		2BEBEAD923603B88003E78AF /* GMultiDelegate.h */ = {isa = PBXFileReference; lastKnownFileType = sourcecode.c.h; path = GMultiDelegate.h; sourceTree = "<group>"; };
		2BEBEADA23603B88003E78AF /* GMultiDelegate.m */ = {isa = PBXFileReference; lastKnownFileType = sourcecode.c.objc; path = GMultiDelegate.m; sourceTree = "<group>"; };
		4A483C032919F08B55544638 /* libPods-GPagerKitExample.a */ = {isa = PBXFileReference; explicitFileType = archive.ar; includeInIndex = 0; path = "libPods-GPagerKitExample.a"; sourceTree = BUILT_PRODUCTS_DIR; };
		5918B01CBD5A713B0B233024 /* Pods-GPagerKitExample.release.xcconfig */ = {isa = PBXFileReference; includeInIndex = 1; lastKnownFileType = text.xcconfig; name = "Pods-GPagerKitExample.release.xcconfig"; path = "Target Support Files/Pods-GPagerKitExample/Pods-GPagerKitExample.release.xcconfig"; sourceTree = "<group>"; };
		9A7E81D2FDAED9155A0ACE87 /* Pods-GPagerKitExample.debug.xcconfig */ = {isa = PBXFileReference; includeInIndex = 1; lastKnownFileType = text.xcconfig; name = "Pods-GPagerKitExample.debug.xcconfig"; path = "Target Support Files/Pods-GPagerKitExample/Pods-GPagerKitExample.debug.xcconfig"; sourceTree = "<group>"; };
/* End PBXFileReference section */

/* Begin PBXFrameworksBuildPhase section */
		2BC0D23D2350AEED006129CF /* Frameworks */ = {
			isa = PBXFrameworksBuildPhase;
			buildActionMask = 2147483647;
			files = (
				E0153F92C6F49BC55C95CC35 /* libPods-GPagerKitExample.a in Frameworks */,
			);
			runOnlyForDeploymentPostprocessing = 0;
		};
/* End PBXFrameworksBuildPhase section */

/* Begin PBXGroup section */
		2B2E05862357171A00221EF2 /* PagerController */ = {
			isa = PBXGroup;
			children = (
				2B2E05872357174700221EF2 /* GBasePagerController.h */,
				2B2E05882357174700221EF2 /* GBasePagerController.m */,
				2BEBEAD3235F0AE2003E78AF /* GVerticalPagerController.h */,
				2BEBEAD4235F0AE2003E78AF /* GVerticalPagerController.m */,
				2BEBEAD6235F35F1003E78AF /* GSimultaneouslyGestureProcessor.h */,
				2BEBEAD7235F35F1003E78AF /* GSimultaneouslyGestureProcessor.m */,
				2BEBEAD923603B88003E78AF /* GMultiDelegate.h */,
				2BEBEADA23603B88003E78AF /* GMultiDelegate.m */,
			);
			path = PagerController;
			sourceTree = "<group>";
		};
		2BC0D2372350AEED006129CF = {
			isa = PBXGroup;
			children = (
				2BC0D2422350AEED006129CF /* GPagerKitExample */,
				2BC0D2412350AEED006129CF /* Products */,
				56845A405B05ED2AAFD5B422 /* Pods */,
				62A554CEDD855235D3F07DA1 /* Frameworks */,
			);
			sourceTree = "<group>";
		};
		2BC0D2412350AEED006129CF /* Products */ = {
			isa = PBXGroup;
			children = (
				2BC0D2402350AEED006129CF /* GPagerKitExample.app */,
			);
			name = Products;
			sourceTree = "<group>";
		};
		2BC0D2422350AEED006129CF /* GPagerKitExample */ = {
			isa = PBXGroup;
			children = (
				2BC0D2592350AF35006129CF /* GPageKit */,
				2BC0D2432350AEED006129CF /* AppDelegate.h */,
				2BC0D2442350AEED006129CF /* AppDelegate.m */,
				2BC0D2462350AEED006129CF /* ViewController.h */,
				2BC0D2472350AEED006129CF /* ViewController.m */,
				2BC0D2692350AF73006129CF /* GPagerVCTestViewController.h */,
				2BC0D2682350AF73006129CF /* GPagerVCTestViewController.m */,
				2BC0D26B2350B0C3006129CF /* GPagerViewTestController.h */,
				2BC0D26C2350B0C3006129CF /* GPagerViewTestController.m */,
				2BC0D27C23520EE7006129CF /* GPagerMenuViewController.h */,
				2BC0D27D23520EE7006129CF /* GPagerMenuViewController.m */,
				2B2E058A23571A7B00221EF2 /* GPagerListController.h */,
				2B2E058B23571A7B00221EF2 /* GPagerListController.m */,
				2BC0D2492350AEED006129CF /* Main.storyboard */,
				2BC0D24C2350AEEE006129CF /* Assets.xcassets */,
				2BC0D24E2350AEEE006129CF /* LaunchScreen.storyboard */,
				2BC0D2512350AEEE006129CF /* Info.plist */,
				2BC0D2522350AEEE006129CF /* main.m */,
			);
			path = GPagerKitExample;
			sourceTree = "<group>";
		};
		2BC0D2592350AF35006129CF /* GPageKit */ = {
			isa = PBXGroup;
			children = (
				2B2E05862357171A00221EF2 /* PagerController */,
				2BC0D26E2350B325006129CF /* StretchyHeaderView */,
				2BC0D25A2350AF35006129CF /* PagerMenu */,
				2BC0D25B2350AF35006129CF /* PagerScroll */,
			);
			path = GPageKit;
			sourceTree = SOURCE_ROOT;
		};
		2BC0D25A2350AF35006129CF /* PagerMenu */ = {
			isa = PBXGroup;
			children = (
				2BC0D26F2350B6CE006129CF /* GBasePagerMenu.h */,
				2BC0D2702350B6CE006129CF /* GBasePagerMenu.m */,
				2BA624512355C313000CE215 /* GPagerMenuInternal.h */,
				2BDE30C623557B2600112C77 /* GPagerMenu.h */,
				2BDE30C723557B2600112C77 /* GPagerMenu.m */,
			);
			path = PagerMenu;
			sourceTree = "<group>";
		};
		2BC0D25B2350AF35006129CF /* PagerScroll */ = {
			isa = PBXGroup;
			children = (
				2BC0D25D2350AF35006129CF /* GBaseScrollPager.h */,
				2BC0D2612350AF36006129CF /* GBaseScrollPager.m */,
				2BC0D25C2350AF35006129CF /* GControllerScrollPager.h */,
				2BC0D2602350AF35006129CF /* GControllerScrollPager.m */,
				2BC0D25E2350AF35006129CF /* GViewScrollPager.h */,
				2BC0D2632350AF36006129CF /* GViewScrollPager.m */,
			);
			path = PagerScroll;
			sourceTree = "<group>";
		};
		2BC0D26E2350B325006129CF /* StretchyHeaderView */ = {
			isa = PBXGroup;
			children = (
				2BC0D2722350B75A006129CF /* GStretchyHeaderView.h */,
				2BC0D2732350B75A006129CF /* GStretchyHeaderView.m */,
				2BC0D2752350B8D5006129CF /* GStretchHeaderViewInternal.h */,
				2BC0D2762350B914006129CF /* UIScrollView+GStretchy.h */,
				2BC0D2772350B914006129CF /* UIScrollView+GStretchy.m */,
				2BC0D2792350B922006129CF /* UIView+GStretchy.h */,
				2BC0D27A2350B922006129CF /* UIView+GStretchy.m */,
			);
			path = StretchyHeaderView;
			sourceTree = "<group>";
		};
		56845A405B05ED2AAFD5B422 /* Pods */ = {
			isa = PBXGroup;
			children = (
				9A7E81D2FDAED9155A0ACE87 /* Pods-GPagerKitExample.debug.xcconfig */,
				5918B01CBD5A713B0B233024 /* Pods-GPagerKitExample.release.xcconfig */,
			);
			path = Pods;
			sourceTree = "<group>";
		};
		62A554CEDD855235D3F07DA1 /* Frameworks */ = {
			isa = PBXGroup;
			children = (
				4A483C032919F08B55544638 /* libPods-GPagerKitExample.a */,
			);
			name = Frameworks;
			sourceTree = "<group>";
		};
/* End PBXGroup section */

/* Begin PBXNativeTarget section */
		2BC0D23F2350AEED006129CF /* GPagerKitExample */ = {
			isa = PBXNativeTarget;
			buildConfigurationList = 2BC0D2562350AEEE006129CF /* Build configuration list for PBXNativeTarget "GPagerKitExample" */;
			buildPhases = (
				94C4B8ED571E81C6C4183F27 /* [CP] Check Pods Manifest.lock */,
				2BC0D23C2350AEED006129CF /* Sources */,
				2BC0D23D2350AEED006129CF /* Frameworks */,
				2BC0D23E2350AEED006129CF /* Resources */,
				0C7BAE0A395ADE82D2067BB3 /* [CP] Copy Pods Resources */,
			);
			buildRules = (
			);
			dependencies = (
			);
			name = GPagerKitExample;
			productName = GPagerKitExample;
			productReference = 2BC0D2402350AEED006129CF /* GPagerKitExample.app */;
			productType = "com.apple.product-type.application";
		};
/* End PBXNativeTarget section */

/* Begin PBXProject section */
		2BC0D2382350AEED006129CF /* Project object */ = {
			isa = PBXProject;
			attributes = {
				LastUpgradeCheck = 1030;
				ORGANIZATIONNAME = GIKI;
				TargetAttributes = {
					2BC0D23F2350AEED006129CF = {
						CreatedOnToolsVersion = 10.3;
					};
				};
			};
			buildConfigurationList = 2BC0D23B2350AEED006129CF /* Build configuration list for PBXProject "GPagerKitExample" */;
			compatibilityVersion = "Xcode 9.3";
			developmentRegion = en;
			hasScannedForEncodings = 0;
			knownRegions = (
				en,
				Base,
			);
			mainGroup = 2BC0D2372350AEED006129CF;
			productRefGroup = 2BC0D2412350AEED006129CF /* Products */;
			projectDirPath = "";
			projectRoot = "";
			targets = (
				2BC0D23F2350AEED006129CF /* GPagerKitExample */,
			);
		};
/* End PBXProject section */

/* Begin PBXResourcesBuildPhase section */
		2BC0D23E2350AEED006129CF /* Resources */ = {
			isa = PBXResourcesBuildPhase;
			buildActionMask = 2147483647;
			files = (
				2BC0D2502350AEEE006129CF /* LaunchScreen.storyboard in Resources */,
				2BC0D24D2350AEEE006129CF /* Assets.xcassets in Resources */,
				2BC0D24B2350AEED006129CF /* Main.storyboard in Resources */,
			);
			runOnlyForDeploymentPostprocessing = 0;
		};
/* End PBXResourcesBuildPhase section */

/* Begin PBXShellScriptBuildPhase section */
		0C7BAE0A395ADE82D2067BB3 /* [CP] Copy Pods Resources */ = {
			isa = PBXShellScriptBuildPhase;
			buildActionMask = 2147483647;
			files = (
			);
			inputFileListPaths = (
				"${PODS_ROOT}/Target Support Files/Pods-GPagerKitExample/Pods-GPagerKitExample-resources-${CONFIGURATION}-input-files.xcfilelist",
			);
			name = "[CP] Copy Pods Resources";
			outputFileListPaths = (
				"${PODS_ROOT}/Target Support Files/Pods-GPagerKitExample/Pods-GPagerKitExample-resources-${CONFIGURATION}-output-files.xcfilelist",
			);
			runOnlyForDeploymentPostprocessing = 0;
			shellPath = /bin/sh;
			shellScript = "\"${PODS_ROOT}/Target Support Files/Pods-GPagerKitExample/Pods-GPagerKitExample-resources.sh\"\n";
			showEnvVarsInLog = 0;
		};
		94C4B8ED571E81C6C4183F27 /* [CP] Check Pods Manifest.lock */ = {
			isa = PBXShellScriptBuildPhase;
			buildActionMask = 2147483647;
			files = (
			);
			inputFileListPaths = (
			);
			inputPaths = (
				"${PODS_PODFILE_DIR_PATH}/Podfile.lock",
				"${PODS_ROOT}/Manifest.lock",
			);
			name = "[CP] Check Pods Manifest.lock";
			outputFileListPaths = (
			);
			outputPaths = (
				"$(DERIVED_FILE_DIR)/Pods-GPagerKitExample-checkManifestLockResult.txt",
			);
			runOnlyForDeploymentPostprocessing = 0;
			shellPath = /bin/sh;
			shellScript = "diff \"${PODS_PODFILE_DIR_PATH}/Podfile.lock\" \"${PODS_ROOT}/Manifest.lock\" > /dev/null\nif [ $? != 0 ] ; then\n    # print error to STDERR\n    echo \"error: The sandbox is not in sync with the Podfile.lock. Run 'pod install' or update your CocoaPods installation.\" >&2\n    exit 1\nfi\n# This output is used by Xcode 'outputs' to avoid re-running this script phase.\necho \"SUCCESS\" > \"${SCRIPT_OUTPUT_FILE_0}\"\n";
			showEnvVarsInLog = 0;
		};
/* End PBXShellScriptBuildPhase section */

/* Begin PBXSourcesBuildPhase section */
		2BC0D23C2350AEED006129CF /* Sources */ = {
			isa = PBXSourcesBuildPhase;
			buildActionMask = 2147483647;
			files = (
				2BC0D2642350AF36006129CF /* GControllerScrollPager.m in Sources */,
				2BC0D2482350AEED006129CF /* ViewController.m in Sources */,
				2BC0D26D2350B0C3006129CF /* GPagerViewTestController.m in Sources */,
				2BC0D2712350B6CE006129CF /* GBasePagerMenu.m in Sources */,
				2BEBEAD8235F35F1003E78AF /* GSimultaneouslyGestureProcessor.m in Sources */,
				2BDE30C823557B2600112C77 /* GPagerMenu.m in Sources */,
				2BC0D2782350B914006129CF /* UIScrollView+GStretchy.m in Sources */,
				2BC0D27E23520EE7006129CF /* GPagerMenuViewController.m in Sources */,
				2B2E058C23571A7B00221EF2 /* GPagerListController.m in Sources */,
				2BC0D2672350AF36006129CF /* GViewScrollPager.m in Sources */,
				2BC0D27B2350B922006129CF /* UIView+GStretchy.m in Sources */,
				2BC0D2742350B75A006129CF /* GStretchyHeaderView.m in Sources */,
				2BC0D2532350AEEE006129CF /* main.m in Sources */,
				2BC0D2652350AF36006129CF /* GBaseScrollPager.m in Sources */,
				2B2E05892357174700221EF2 /* GBasePagerController.m in Sources */,
				2BC0D26A2350AF73006129CF /* GPagerVCTestViewController.m in Sources */,
				2BC0D2452350AEED006129CF /* AppDelegate.m in Sources */,
				2BEBEAD5235F0AE2003E78AF /* GVerticalPagerController.m in Sources */,
				2BEBEADB23603B88003E78AF /* GMultiDelegate.m in Sources */,
			);
			runOnlyForDeploymentPostprocessing = 0;
		};
/* End PBXSourcesBuildPhase section */

/* Begin PBXVariantGroup section */
		2BC0D2492350AEED006129CF /* Main.storyboard */ = {
			isa = PBXVariantGroup;
			children = (
				2BC0D24A2350AEED006129CF /* Base */,
			);
			name = Main.storyboard;
			sourceTree = "<group>";
		};
		2BC0D24E2350AEEE006129CF /* LaunchScreen.storyboard */ = {
			isa = PBXVariantGroup;
			children = (
				2BC0D24F2350AEEE006129CF /* Base */,
			);
			name = LaunchScreen.storyboard;
			sourceTree = "<group>";
		};
/* End PBXVariantGroup section */

/* Begin XCBuildConfiguration section */
		2BC0D2542350AEEE006129CF /* Debug */ = {
			isa = XCBuildConfiguration;
			buildSettings = {
				ALWAYS_SEARCH_USER_PATHS = NO;
				CLANG_ANALYZER_NONNULL = YES;
				CLANG_ANALYZER_NUMBER_OBJECT_CONVERSION = YES_AGGRESSIVE;
				CLANG_CXX_LANGUAGE_STANDARD = "gnu++14";
				CLANG_CXX_LIBRARY = "libc++";
				CLANG_ENABLE_MODULES = YES;
				CLANG_ENABLE_OBJC_ARC = YES;
				CLANG_ENABLE_OBJC_WEAK = YES;
				CLANG_WARN_BLOCK_CAPTURE_AUTORELEASING = YES;
				CLANG_WARN_BOOL_CONVERSION = YES;
				CLANG_WARN_COMMA = YES;
				CLANG_WARN_CONSTANT_CONVERSION = YES;
				CLANG_WARN_DEPRECATED_OBJC_IMPLEMENTATIONS = YES;
				CLANG_WARN_DIRECT_OBJC_ISA_USAGE = YES_ERROR;
				CLANG_WARN_DOCUMENTATION_COMMENTS = YES;
				CLANG_WARN_EMPTY_BODY = YES;
				CLANG_WARN_ENUM_CONVERSION = YES;
				CLANG_WARN_INFINITE_RECURSION = YES;
				CLANG_WARN_INT_CONVERSION = YES;
				CLANG_WARN_NON_LITERAL_NULL_CONVERSION = YES;
				CLANG_WARN_OBJC_IMPLICIT_RETAIN_SELF = YES;
				CLANG_WARN_OBJC_LITERAL_CONVERSION = YES;
				CLANG_WARN_OBJC_ROOT_CLASS = YES_ERROR;
				CLANG_WARN_RANGE_LOOP_ANALYSIS = YES;
				CLANG_WARN_STRICT_PROTOTYPES = YES;
				CLANG_WARN_SUSPICIOUS_MOVE = YES;
				CLANG_WARN_UNGUARDED_AVAILABILITY = YES_AGGRESSIVE;
				CLANG_WARN_UNREACHABLE_CODE = YES;
				CLANG_WARN__DUPLICATE_METHOD_MATCH = YES;
				CODE_SIGN_IDENTITY = "iPhone Developer";
				COPY_PHASE_STRIP = NO;
				DEBUG_INFORMATION_FORMAT = dwarf;
				ENABLE_STRICT_OBJC_MSGSEND = YES;
				ENABLE_TESTABILITY = YES;
				GCC_C_LANGUAGE_STANDARD = gnu11;
				GCC_DYNAMIC_NO_PIC = NO;
				GCC_NO_COMMON_BLOCKS = YES;
				GCC_OPTIMIZATION_LEVEL = 0;
				GCC_PREPROCESSOR_DEFINITIONS = (
					"DEBUG=1",
					"$(inherited)",
				);
				GCC_WARN_64_TO_32_BIT_CONVERSION = YES;
				GCC_WARN_ABOUT_RETURN_TYPE = YES_ERROR;
				GCC_WARN_UNDECLARED_SELECTOR = YES;
				GCC_WARN_UNINITIALIZED_AUTOS = YES_AGGRESSIVE;
				GCC_WARN_UNUSED_FUNCTION = YES;
				GCC_WARN_UNUSED_VARIABLE = YES;
				IPHONEOS_DEPLOYMENT_TARGET = 12.4;
				MTL_ENABLE_DEBUG_INFO = INCLUDE_SOURCE;
				MTL_FAST_MATH = YES;
				ONLY_ACTIVE_ARCH = YES;
				SDKROOT = iphoneos;
			};
			name = Debug;
		};
		2BC0D2552350AEEE006129CF /* Release */ = {
			isa = XCBuildConfiguration;
			buildSettings = {
				ALWAYS_SEARCH_USER_PATHS = NO;
				CLANG_ANALYZER_NONNULL = YES;
				CLANG_ANALYZER_NUMBER_OBJECT_CONVERSION = YES_AGGRESSIVE;
				CLANG_CXX_LANGUAGE_STANDARD = "gnu++14";
				CLANG_CXX_LIBRARY = "libc++";
				CLANG_ENABLE_MODULES = YES;
				CLANG_ENABLE_OBJC_ARC = YES;
				CLANG_ENABLE_OBJC_WEAK = YES;
				CLANG_WARN_BLOCK_CAPTURE_AUTORELEASING = YES;
				CLANG_WARN_BOOL_CONVERSION = YES;
				CLANG_WARN_COMMA = YES;
				CLANG_WARN_CONSTANT_CONVERSION = YES;
				CLANG_WARN_DEPRECATED_OBJC_IMPLEMENTATIONS = YES;
				CLANG_WARN_DIRECT_OBJC_ISA_USAGE = YES_ERROR;
				CLANG_WARN_DOCUMENTATION_COMMENTS = YES;
				CLANG_WARN_EMPTY_BODY = YES;
				CLANG_WARN_ENUM_CONVERSION = YES;
				CLANG_WARN_INFINITE_RECURSION = YES;
				CLANG_WARN_INT_CONVERSION = YES;
				CLANG_WARN_NON_LITERAL_NULL_CONVERSION = YES;
				CLANG_WARN_OBJC_IMPLICIT_RETAIN_SELF = YES;
				CLANG_WARN_OBJC_LITERAL_CONVERSION = YES;
				CLANG_WARN_OBJC_ROOT_CLASS = YES_ERROR;
				CLANG_WARN_RANGE_LOOP_ANALYSIS = YES;
				CLANG_WARN_STRICT_PROTOTYPES = YES;
				CLANG_WARN_SUSPICIOUS_MOVE = YES;
				CLANG_WARN_UNGUARDED_AVAILABILITY = YES_AGGRESSIVE;
				CLANG_WARN_UNREACHABLE_CODE = YES;
				CLANG_WARN__DUPLICATE_METHOD_MATCH = YES;
				CODE_SIGN_IDENTITY = "iPhone Developer";
				COPY_PHASE_STRIP = NO;
				DEBUG_INFORMATION_FORMAT = "dwarf-with-dsym";
				ENABLE_NS_ASSERTIONS = NO;
				ENABLE_STRICT_OBJC_MSGSEND = YES;
				GCC_C_LANGUAGE_STANDARD = gnu11;
				GCC_NO_COMMON_BLOCKS = YES;
				GCC_WARN_64_TO_32_BIT_CONVERSION = YES;
				GCC_WARN_ABOUT_RETURN_TYPE = YES_ERROR;
				GCC_WARN_UNDECLARED_SELECTOR = YES;
				GCC_WARN_UNINITIALIZED_AUTOS = YES_AGGRESSIVE;
				GCC_WARN_UNUSED_FUNCTION = YES;
				GCC_WARN_UNUSED_VARIABLE = YES;
				IPHONEOS_DEPLOYMENT_TARGET = 12.4;
				MTL_ENABLE_DEBUG_INFO = NO;
				MTL_FAST_MATH = YES;
				SDKROOT = iphoneos;
				VALIDATE_PRODUCT = YES;
			};
			name = Release;
		};
		2BC0D2572350AEEE006129CF /* Debug */ = {
			isa = XCBuildConfiguration;
			baseConfigurationReference = 9A7E81D2FDAED9155A0ACE87 /* Pods-GPagerKitExample.debug.xcconfig */;
			buildSettings = {
				ASSETCATALOG_COMPILER_APPICON_NAME = AppIcon;
				CODE_SIGN_STYLE = Automatic;
				DEVELOPMENT_TEAM = S4NWU843M5;
				INFOPLIST_FILE = GPagerKitExample/Info.plist;
				IPHONEOS_DEPLOYMENT_TARGET = 9.0;
				LD_RUNPATH_SEARCH_PATHS = (
					"$(inherited)",
					"@executable_path/Frameworks",
				);
				PRODUCT_BUNDLE_IDENTIFIER = com.GIKICoder.GPagerKitExample;
				PRODUCT_NAME = "$(TARGET_NAME)";
				TARGETED_DEVICE_FAMILY = "1,2";
			};
			name = Debug;
		};
		2BC0D2582350AEEE006129CF /* Release */ = {
			isa = XCBuildConfiguration;
			baseConfigurationReference = 5918B01CBD5A713B0B233024 /* Pods-GPagerKitExample.release.xcconfig */;
			buildSettings = {
				ASSETCATALOG_COMPILER_APPICON_NAME = AppIcon;
				CODE_SIGN_STYLE = Automatic;
				DEVELOPMENT_TEAM = S4NWU843M5;
				INFOPLIST_FILE = GPagerKitExample/Info.plist;
				IPHONEOS_DEPLOYMENT_TARGET = 9.0;
				LD_RUNPATH_SEARCH_PATHS = (
					"$(inherited)",
					"@executable_path/Frameworks",
				);
				PRODUCT_BUNDLE_IDENTIFIER = com.GIKICoder.GPagerKitExample;
				PRODUCT_NAME = "$(TARGET_NAME)";
				TARGETED_DEVICE_FAMILY = "1,2";
			};
			name = Release;
		};
/* End XCBuildConfiguration section */

/* Begin XCConfigurationList section */
		2BC0D23B2350AEED006129CF /* Build configuration list for PBXProject "GPagerKitExample" */ = {
			isa = XCConfigurationList;
			buildConfigurations = (
				2BC0D2542350AEEE006129CF /* Debug */,
				2BC0D2552350AEEE006129CF /* Release */,
			);
			defaultConfigurationIsVisible = 0;
			defaultConfigurationName = Release;
		};
		2BC0D2562350AEEE006129CF /* Build configuration list for PBXNativeTarget "GPagerKitExample" */ = {
			isa = XCConfigurationList;
			buildConfigurations = (
				2BC0D2572350AEEE006129CF /* Debug */,
				2BC0D2582350AEEE006129CF /* Release */,
			);
			defaultConfigurationIsVisible = 0;
			defaultConfigurationName = Release;
		};
/* End XCConfigurationList section */
	};
	rootObject = 2BC0D2382350AEED006129CF /* Project object */;
}
